
Microsoft Visual Studio Solution File, Format Version 12.00
# Visual Studio Version 16
VisualStudioVersion = 16.0.30611.23
MinimumVisualStudioVersion = 10.0.40219.1
Project("{FAE04EC0-301F-11D3-BF4B-00C04F79EFBC}") = "try_to_save", "try_to_save\try_to_save.csproj", "{3F1D8EED-4257-47D2-9442-327425F8B237}"
EndProject
Global
	GlobalSection(SolutionConfigurationPlatforms) = preSolution
		Debug|Any CPU = Debug|Any CPU
		Release|Any CPU = Release|Any CPU
	EndGlobalSection
	GlobalSection(ProjectConfigurationPlatforms) = postSolution
		{3F1D8EED-4257-47D2-9442-327425F8B237}.Debug|Any CPU.ActiveCfg = Debug|Any CPU
		{3F1D8EED-4257-47D2-9442-327425F8B237}.Debug|Any CPU.Build.0 = Debug|Any CPU
		{3F1D8EED-4257-47D2-9442-327425F8B237}.Release|Any CPU.ActiveCfg = Release|Any CPU
		{3F1D8EED-4257-47D2-9442-327425F8B237}.Release|Any CPU.Build.0 = Release|Any CPU
	EndGlobalSection
	GlobalSection(SolutionProperties) = preSolution
		HideSolutionNode = FALSE
	EndGlobalSection
	GlobalSection(ExtensibilityGlobals) = postSolution
		SolutionGuid = {B8B69D93-FB60-4568-9C8C-6D8ECDA2C816}
	EndGlobalSection
EndGlobal
